// !$*UTF8*$!
{
	archiveVersion = 1;
	classes = {
	};
	objectVersion = 56;
	objects = {

/* Begin PBXBuildFile section */
		FE019A462BEDF2F200215320 /* FeedResponse.swift in Sources */ = {isa = PBXBuildFile; fileRef = FE019A452BEDF2F200215320 /* FeedResponse.swift */; };
		FE019A492BEDFC8300215320 /* ProfileResponse.swift in Sources */ = {isa = PBXBuildFile; fileRef = FE019A482BEDFC8300215320 /* ProfileResponse.swift */; };
		FE019A4B2BEDFD9700215320 /* PostView.swift in Sources */ = {isa = PBXBuildFile; fileRef = FE019A4A2BEDFD9700215320 /* PostView.swift */; };
		FE019A4E2BEE00D900215320 /* ProfileViewModel.swift in Sources */ = {isa = PBXBuildFile; fileRef = FE019A4D2BEE00D900215320 /* ProfileViewModel.swift */; };
		FE019A532BEE623F00215320 /* feed.json in Resources */ = {isa = PBXBuildFile; fileRef = FE019A522BEE623F00215320 /* feed.json */; };
		FE019A552BEE666300215320 /* FeedService.swift in Sources */ = {isa = PBXBuildFile; fileRef = FE019A542BEE666300215320 /* FeedService.swift */; };
		FE019A582BEE6ECD00215320 /* FeedViewModel.swift in Sources */ = {isa = PBXBuildFile; fileRef = FE019A572BEE6ECD00215320 /* FeedViewModel.swift */; };
		FE019A5A2BEF8F3E00215320 /* FeedMainView.swift in Sources */ = {isa = PBXBuildFile; fileRef = FE019A592BEF8F3E00215320 /* FeedMainView.swift */; };
		FE019A5D2BEF927C00215320 /* UserSectionView.swift in Sources */ = {isa = PBXBuildFile; fileRef = FE019A5C2BEF927C00215320 /* UserSectionView.swift */; };
		FE019A5F2BEF929400215320 /* NetworkImageView.swift in Sources */ = {isa = PBXBuildFile; fileRef = FE019A5E2BEF929400215320 /* NetworkImageView.swift */; };
		FE019A632BEF9E3500215320 /* profile.json in Resources */ = {isa = PBXBuildFile; fileRef = FE019A622BEF9E3500215320 /* profile.json */; };
		FE019A662BEF9F0000215320 /* ProfileService.swift in Sources */ = {isa = PBXBuildFile; fileRef = FE019A652BEF9F0000215320 /* ProfileService.swift */; };
		FE019A682BEF9F1B00215320 /* Networking.swift in Sources */ = {isa = PBXBuildFile; fileRef = FE019A672BEF9F1B00215320 /* Networking.swift */; };
		FE019A6B2BEFEECA00215320 /* ProfileMainView.swift in Sources */ = {isa = PBXBuildFile; fileRef = FE019A6A2BEFEECA00215320 /* ProfileMainView.swift */; };
		FE019A6E2BEFFF3900215320 /* LikeCellView.swift in Sources */ = {isa = PBXBuildFile; fileRef = FE019A6D2BEFFF3900215320 /* LikeCellView.swift */; };
		FE019A712BF0004B00215320 /* VideoPlayerView.swift in Sources */ = {isa = PBXBuildFile; fileRef = FE019A702BF0004B00215320 /* VideoPlayerView.swift */; };
		FE019A732BF0136C00215320 /* VideoContainerView.swift in Sources */ = {isa = PBXBuildFile; fileRef = FE019A722BF0136C00215320 /* VideoContainerView.swift */; };
		FE019A762BF016D500215320 /* VideoModel.swift in Sources */ = {isa = PBXBuildFile; fileRef = FE019A752BF016D500215320 /* VideoModel.swift */; };
		FEC8FFEB2BEDCD0D007ECDE5 /* TalkShopApp.swift in Sources */ = {isa = PBXBuildFile; fileRef = FEC8FFEA2BEDCD0D007ECDE5 /* TalkShopApp.swift */; };
		FEC8FFED2BEDCD0D007ECDE5 /* HomeView.swift in Sources */ = {isa = PBXBuildFile; fileRef = FEC8FFEC2BEDCD0D007ECDE5 /* HomeView.swift */; };
		FEC8FFEF2BEDCD0F007ECDE5 /* Assets.xcassets in Resources */ = {isa = PBXBuildFile; fileRef = FEC8FFEE2BEDCD0F007ECDE5 /* Assets.xcassets */; };
		FEC8FFF22BEDCD0F007ECDE5 /* Preview Assets.xcassets in Resources */ = {isa = PBXBuildFile; fileRef = FEC8FFF12BEDCD0F007ECDE5 /* Preview Assets.xcassets */; };
		FEC8FFF92BEDD095007ECDE5 /* FeedView.swift in Sources */ = {isa = PBXBuildFile; fileRef = FEC8FFF82BEDD095007ECDE5 /* FeedView.swift */; };
		FEC8FFFB2BEDD198007ECDE5 /* ProfileView.swift in Sources */ = {isa = PBXBuildFile; fileRef = FEC8FFFA2BEDD198007ECDE5 /* ProfileView.swift */; };
/* End PBXBuildFile section */

/* Begin PBXFileReference section */
		FE019A452BEDF2F200215320 /* FeedResponse.swift */ = {isa = PBXFileReference; lastKnownFileType = sourcecode.swift; path = FeedResponse.swift; sourceTree = "<group>"; };
		FE019A472BEDF88600215320 /* Info.plist */ = {isa = PBXFileReference; lastKnownFileType = text.plist; path = Info.plist; sourceTree = "<group>"; };
		FE019A482BEDFC8300215320 /* ProfileResponse.swift */ = {isa = PBXFileReference; lastKnownFileType = sourcecode.swift; path = ProfileResponse.swift; sourceTree = "<group>"; };
		FE019A4A2BEDFD9700215320 /* PostView.swift */ = {isa = PBXFileReference; lastKnownFileType = sourcecode.swift; path = PostView.swift; sourceTree = "<group>"; };
		FE019A4D2BEE00D900215320 /* ProfileViewModel.swift */ = {isa = PBXFileReference; lastKnownFileType = sourcecode.swift; path = ProfileViewModel.swift; sourceTree = "<group>"; };
		FE019A522BEE623F00215320 /* feed.json */ = {isa = PBXFileReference; lastKnownFileType = text.json; path = feed.json; sourceTree = "<group>"; };
		FE019A542BEE666300215320 /* FeedService.swift */ = {isa = PBXFileReference; lastKnownFileType = sourcecode.swift; path = FeedService.swift; sourceTree = "<group>"; };
		FE019A572BEE6ECD00215320 /* FeedViewModel.swift */ = {isa = PBXFileReference; lastKnownFileType = sourcecode.swift; path = FeedViewModel.swift; sourceTree = "<group>"; };
		FE019A592BEF8F3E00215320 /* FeedMainView.swift */ = {isa = PBXFileReference; lastKnownFileType = sourcecode.swift; path = FeedMainView.swift; sourceTree = "<group>"; };
		FE019A5C2BEF927C00215320 /* UserSectionView.swift */ = {isa = PBXFileReference; lastKnownFileType = sourcecode.swift; path = UserSectionView.swift; sourceTree = "<group>"; };
		FE019A5E2BEF929400215320 /* NetworkImageView.swift */ = {isa = PBXFileReference; lastKnownFileType = sourcecode.swift; path = NetworkImageView.swift; sourceTree = "<group>"; };
		FE019A622BEF9E3500215320 /* profile.json */ = {isa = PBXFileReference; lastKnownFileType = text.json; path = profile.json; sourceTree = "<group>"; };
		FE019A652BEF9F0000215320 /* ProfileService.swift */ = {isa = PBXFileReference; lastKnownFileType = sourcecode.swift; path = ProfileService.swift; sourceTree = "<group>"; };
		FE019A672BEF9F1B00215320 /* Networking.swift */ = {isa = PBXFileReference; lastKnownFileType = sourcecode.swift; path = Networking.swift; sourceTree = "<group>"; };
		FE019A6A2BEFEECA00215320 /* ProfileMainView.swift */ = {isa = PBXFileReference; lastKnownFileType = sourcecode.swift; path = ProfileMainView.swift; sourceTree = "<group>"; };
		FE019A6D2BEFFF3900215320 /* LikeCellView.swift */ = {isa = PBXFileReference; lastKnownFileType = sourcecode.swift; path = LikeCellView.swift; sourceTree = "<group>"; };
		FE019A702BF0004B00215320 /* VideoPlayerView.swift */ = {isa = PBXFileReference; lastKnownFileType = sourcecode.swift; path = VideoPlayerView.swift; sourceTree = "<group>"; };
		FE019A722BF0136C00215320 /* VideoContainerView.swift */ = {isa = PBXFileReference; lastKnownFileType = sourcecode.swift; path = VideoContainerView.swift; sourceTree = "<group>"; };
		FE019A752BF016D500215320 /* VideoModel.swift */ = {isa = PBXFileReference; lastKnownFileType = sourcecode.swift; path = VideoModel.swift; sourceTree = "<group>"; };
		FEC8FFE72BEDCD0D007ECDE5 /* TalkShopApp.app */ = {isa = PBXFileReference; explicitFileType = wrapper.application; includeInIndex = 0; path = TalkShopApp.app; sourceTree = BUILT_PRODUCTS_DIR; };
		FEC8FFEA2BEDCD0D007ECDE5 /* TalkShopApp.swift */ = {isa = PBXFileReference; lastKnownFileType = sourcecode.swift; path = TalkShopApp.swift; sourceTree = "<group>"; };
		FEC8FFEC2BEDCD0D007ECDE5 /* HomeView.swift */ = {isa = PBXFileReference; lastKnownFileType = sourcecode.swift; path = HomeView.swift; sourceTree = "<group>"; };
		FEC8FFEE2BEDCD0F007ECDE5 /* Assets.xcassets */ = {isa = PBXFileReference; lastKnownFileType = folder.assetcatalog; path = Assets.xcassets; sourceTree = "<group>"; };
		FEC8FFF12BEDCD0F007ECDE5 /* Preview Assets.xcassets */ = {isa = PBXFileReference; lastKnownFileType = folder.assetcatalog; path = "Preview Assets.xcassets"; sourceTree = "<group>"; };
		FEC8FFF82BEDD095007ECDE5 /* FeedView.swift */ = {isa = PBXFileReference; lastKnownFileType = sourcecode.swift; path = FeedView.swift; sourceTree = "<group>"; };
		FEC8FFFA2BEDD198007ECDE5 /* ProfileView.swift */ = {isa = PBXFileReference; lastKnownFileType = sourcecode.swift; path = ProfileView.swift; sourceTree = "<group>"; };
/* End PBXFileReference section */

/* Begin PBXFrameworksBuildPhase section */
		FEC8FFE42BEDCD0D007ECDE5 /* Frameworks */ = {
			isa = PBXFrameworksBuildPhase;
			buildActionMask = 2147483647;
			files = (
			);
			runOnlyForDeploymentPostprocessing = 0;
		};
/* End PBXFrameworksBuildPhase section */

/* Begin PBXGroup section */
		FE019A4C2BEE00C500215320 /* Profile */ = {
			isa = PBXGroup;
			children = (
				FE019A692BEF9F5D00215320 /* Model */,
				FE019A642BEF9EEC00215320 /* API */,
				FE019A6A2BEFEECA00215320 /* ProfileMainView.swift */,
				FEC8FFFA2BEDD198007ECDE5 /* ProfileView.swift */,
				FE019A4D2BEE00D900215320 /* ProfileViewModel.swift */,
			);
			path = Profile;
			sourceTree = "<group>";
		};
		FE019A4F2BEE019C00215320 /* Networking */ = {
			isa = PBXGroup;
			children = (
				FE019A672BEF9F1B00215320 /* Networking.swift */,
				FE019A522BEE623F00215320 /* feed.json */,
				FE019A622BEF9E3500215320 /* profile.json */,
			);
			path = Networking;
			sourceTree = "<group>";
		};
		FE019A562BEE666C00215320 /* Feed */ = {
			isa = PBXGroup;
			children = (
				FE019A612BEF92B200215320 /* Model */,
				FE019A602BEF92AA00215320 /* API */,
				FE019A5B2BEF926D00215320 /* Components */,
				FEC8FFF82BEDD095007ECDE5 /* FeedView.swift */,
				FE019A592BEF8F3E00215320 /* FeedMainView.swift */,
				FE019A572BEE6ECD00215320 /* FeedViewModel.swift */,
			);
			path = Feed;
			sourceTree = "<group>";
		};
		FE019A5B2BEF926D00215320 /* Components */ = {
			isa = PBXGroup;
			children = (
				FE019A5C2BEF927C00215320 /* UserSectionView.swift */,
				FE019A5E2BEF929400215320 /* NetworkImageView.swift */,
				FE019A6D2BEFFF3900215320 /* LikeCellView.swift */,
			);
			path = Components;
			sourceTree = "<group>";
		};
		FE019A602BEF92AA00215320 /* API */ = {
			isa = PBXGroup;
			children = (
				FE019A542BEE666300215320 /* FeedService.swift */,
			);
			path = API;
			sourceTree = "<group>";
		};
		FE019A612BEF92B200215320 /* Model */ = {
			isa = PBXGroup;
			children = (
				FE019A452BEDF2F200215320 /* FeedResponse.swift */,
			);
			path = Model;
			sourceTree = "<group>";
		};
		FE019A642BEF9EEC00215320 /* API */ = {
			isa = PBXGroup;
			children = (
				FE019A652BEF9F0000215320 /* ProfileService.swift */,
			);
			path = API;
			sourceTree = "<group>";
		};
		FE019A692BEF9F5D00215320 /* Model */ = {
			isa = PBXGroup;
			children = (
				FE019A482BEDFC8300215320 /* ProfileResponse.swift */,
			);
			path = Model;
			sourceTree = "<group>";
		};
		FE019A6C2BEFFC6C00215320 /* Home */ = {
			isa = PBXGroup;
			children = (
				FEC8FFEC2BEDCD0D007ECDE5 /* HomeView.swift */,
			);
			path = Home;
			sourceTree = "<group>";
		};
		FE019A6F2BF0001800215320 /* VideoView */ = {
			isa = PBXGroup;
			children = (
				FE019A742BF016CC00215320 /* Model */,
				FE019A702BF0004B00215320 /* VideoPlayerView.swift */,
				FE019A722BF0136C00215320 /* VideoContainerView.swift */,
			);
			path = VideoView;
			sourceTree = "<group>";
		};
		FE019A742BF016CC00215320 /* Model */ = {
			isa = PBXGroup;
			children = (
				FE019A752BF016D500215320 /* VideoModel.swift */,
			);
			path = Model;
			sourceTree = "<group>";
		};
		FEC8FFDE2BEDCD0D007ECDE5 = {
			isa = PBXGroup;
			children = (
				FEC8FFE92BEDCD0D007ECDE5 /* TalkShopApp */,
				FEC8FFE82BEDCD0D007ECDE5 /* Products */,
			);
			sourceTree = "<group>";
		};
		FEC8FFE82BEDCD0D007ECDE5 /* Products */ = {
			isa = PBXGroup;
			children = (
				FEC8FFE72BEDCD0D007ECDE5 /* TalkShopApp.app */,
			);
			name = Products;
			sourceTree = "<group>";
		};
		FEC8FFE92BEDCD0D007ECDE5 /* TalkShopApp */ = {
			isa = PBXGroup;
			children = (
				FEC8FFEA2BEDCD0D007ECDE5 /* TalkShopApp.swift */,
				FE019A6C2BEFFC6C00215320 /* Home */,
				FE019A562BEE666C00215320 /* Feed */,
				FE019A6F2BF0001800215320 /* VideoView */,
				FE019A4C2BEE00C500215320 /* Profile */,
				FE019A4A2BEDFD9700215320 /* PostView.swift */,
				FE019A4F2BEE019C00215320 /* Networking */,
				FEC8FFEE2BEDCD0F007ECDE5 /* Assets.xcassets */,
				FE019A472BEDF88600215320 /* Info.plist */,
				FEC8FFF02BEDCD0F007ECDE5 /* Preview Content */,
			);
			path = TalkShopApp;
			sourceTree = "<group>";
		};
		FEC8FFF02BEDCD0F007ECDE5 /* Preview Content */ = {
			isa = PBXGroup;
			children = (
				FEC8FFF12BEDCD0F007ECDE5 /* Preview Assets.xcassets */,
			);
			path = "Preview Content";
			sourceTree = "<group>";
		};
/* End PBXGroup section */

/* Begin PBXNativeTarget section */
		FEC8FFE62BEDCD0D007ECDE5 /* TalkShopApp */ = {
			isa = PBXNativeTarget;
			buildConfigurationList = FEC8FFF52BEDCD0F007ECDE5 /* Build configuration list for PBXNativeTarget "TalkShopApp" */;
			buildPhases = (
				FEC8FFE32BEDCD0D007ECDE5 /* Sources */,
				FEC8FFE42BEDCD0D007ECDE5 /* Frameworks */,
				FEC8FFE52BEDCD0D007ECDE5 /* Resources */,
			);
			buildRules = (
			);
			dependencies = (
			);
			name = TalkShopApp;
			productName = TalkShopApp;
			productReference = FEC8FFE72BEDCD0D007ECDE5 /* TalkShopApp.app */;
			productType = "com.apple.product-type.application";
		};
/* End PBXNativeTarget section */

/* Begin PBXProject section */
		FEC8FFDF2BEDCD0D007ECDE5 /* Project object */ = {
			isa = PBXProject;
			attributes = {
				BuildIndependentTargetsInParallel = 1;
				LastSwiftUpdateCheck = 1520;
				LastUpgradeCheck = 1520;
				TargetAttributes = {
					FEC8FFE62BEDCD0D007ECDE5 = {
						CreatedOnToolsVersion = 15.2;
					};
				};
			};
			buildConfigurationList = FEC8FFE22BEDCD0D007ECDE5 /* Build configuration list for PBXProject "TalkShopApp" */;
			compatibilityVersion = "Xcode 14.0";
			developmentRegion = en;
			hasScannedForEncodings = 0;
			knownRegions = (
				en,
				Base,
			);
			mainGroup = FEC8FFDE2BEDCD0D007ECDE5;
			productRefGroup = FEC8FFE82BEDCD0D007ECDE5 /* Products */;
			projectDirPath = "";
			projectRoot = "";
			targets = (
				FEC8FFE62BEDCD0D007ECDE5 /* TalkShopApp */,
			);
		};
/* End PBXProject section */

/* Begin PBXResourcesBuildPhase section */
		FEC8FFE52BEDCD0D007ECDE5 /* Resources */ = {
			isa = PBXResourcesBuildPhase;
			buildActionMask = 2147483647;
			files = (
				FEC8FFF22BEDCD0F007ECDE5 /* Preview Assets.xcassets in Resources */,
				FE019A632BEF9E3500215320 /* profile.json in Resources */,
				FE019A532BEE623F00215320 /* feed.json in Resources */,
				FEC8FFEF2BEDCD0F007ECDE5 /* Assets.xcassets in Resources */,
			);
			runOnlyForDeploymentPostprocessing = 0;
		};
/* End PBXResourcesBuildPhase section */

/* Begin PBXSourcesBuildPhase section */
		FEC8FFE32BEDCD0D007ECDE5 /* Sources */ = {
			isa = PBXSourcesBuildPhase;
			buildActionMask = 2147483647;
			files = (
				FE019A4B2BEDFD9700215320 /* PostView.swift in Sources */,
				FE019A712BF0004B00215320 /* VideoPlayerView.swift in Sources */,
				FEC8FFFB2BEDD198007ECDE5 /* ProfileView.swift in Sources */,
				FE019A462BEDF2F200215320 /* FeedResponse.swift in Sources */,
				FE019A6B2BEFEECA00215320 /* ProfileMainView.swift in Sources */,
				FE019A682BEF9F1B00215320 /* Networking.swift in Sources */,
				FE019A492BEDFC8300215320 /* ProfileResponse.swift in Sources */,
				FEC8FFED2BEDCD0D007ECDE5 /* HomeView.swift in Sources */,
				FE019A6E2BEFFF3900215320 /* LikeCellView.swift in Sources */,
				FE019A582BEE6ECD00215320 /* FeedViewModel.swift in Sources */,
				FE019A762BF016D500215320 /* VideoModel.swift in Sources */,
				FE019A5F2BEF929400215320 /* NetworkImageView.swift in Sources */,
				FE019A732BF0136C00215320 /* VideoContainerView.swift in Sources */,
				FEC8FFF92BEDD095007ECDE5 /* FeedView.swift in Sources */,
				FE019A4E2BEE00D900215320 /* ProfileViewModel.swift in Sources */,
				FE019A5A2BEF8F3E00215320 /* FeedMainView.swift in Sources */,
				FEC8FFEB2BEDCD0D007ECDE5 /* TalkShopApp.swift in Sources */,
				FE019A552BEE666300215320 /* FeedService.swift in Sources */,
				FE019A5D2BEF927C00215320 /* UserSectionView.swift in Sources */,
				FE019A662BEF9F0000215320 /* ProfileService.swift in Sources */,
			);
			runOnlyForDeploymentPostprocessing = 0;
		};
/* End PBXSourcesBuildPhase section */

/* Begin XCBuildConfiguration section */
		FEC8FFF32BEDCD0F007ECDE5 /* Debug */ = {
			isa = XCBuildConfiguration;
			buildSettings = {
				ALWAYS_SEARCH_USER_PATHS = NO;
				ASSETCATALOG_COMPILER_GENERATE_SWIFT_ASSET_SYMBOL_EXTENSIONS = YES;
				CLANG_ANALYZER_NONNULL = YES;
				CLANG_ANALYZER_NUMBER_OBJECT_CONVERSION = YES_AGGRESSIVE;
				CLANG_CXX_LANGUAGE_STANDARD = "gnu++20";
				CLANG_ENABLE_MODULES = YES;
				CLANG_ENABLE_OBJC_ARC = YES;
				CLANG_ENABLE_OBJC_WEAK = YES;
				CLANG_WARN_BLOCK_CAPTURE_AUTORELEASING = YES;
				CLANG_WARN_BOOL_CONVERSION = YES;
				CLANG_WARN_COMMA = YES;
				CLANG_WARN_CONSTANT_CONVERSION = YES;
				CLANG_WARN_DEPRECATED_OBJC_IMPLEMENTATIONS = YES;
				CLANG_WARN_DIRECT_OBJC_ISA_USAGE = YES_ERROR;
				CLANG_WARN_DOCUMENTATION_COMMENTS = YES;
				CLANG_WARN_EMPTY_BODY = YES;
				CLANG_WARN_ENUM_CONVERSION = YES;
				CLANG_WARN_INFINITE_RECURSION = YES;
				CLANG_WARN_INT_CONVERSION = YES;
				CLANG_WARN_NON_LITERAL_NULL_CONVERSION = YES;
				CLANG_WARN_OBJC_IMPLICIT_RETAIN_SELF = YES;
				CLANG_WARN_OBJC_LITERAL_CONVERSION = YES;
				CLANG_WARN_OBJC_ROOT_CLASS = YES_ERROR;
				CLANG_WARN_QUOTED_INCLUDE_IN_FRAMEWORK_HEADER = YES;
				CLANG_WARN_RANGE_LOOP_ANALYSIS = YES;
				CLANG_WARN_STRICT_PROTOTYPES = YES;
				CLANG_WARN_SUSPICIOUS_MOVE = YES;
				CLANG_WARN_UNGUARDED_AVAILABILITY = YES_AGGRESSIVE;
				CLANG_WARN_UNREACHABLE_CODE = YES;
				CLANG_WARN__DUPLICATE_METHOD_MATCH = YES;
				COPY_PHASE_STRIP = NO;
				DEBUG_INFORMATION_FORMAT = dwarf;
				ENABLE_STRICT_OBJC_MSGSEND = YES;
				ENABLE_TESTABILITY = YES;
				ENABLE_USER_SCRIPT_SANDBOXING = YES;
				GCC_C_LANGUAGE_STANDARD = gnu17;
				GCC_DYNAMIC_NO_PIC = NO;
				GCC_NO_COMMON_BLOCKS = YES;
				GCC_OPTIMIZATION_LEVEL = 0;
				GCC_PREPROCESSOR_DEFINITIONS = (
					"DEBUG=1",
					"$(inherited)",
				);
				GCC_WARN_64_TO_32_BIT_CONVERSION = YES;
				GCC_WARN_ABOUT_RETURN_TYPE = YES_ERROR;
				GCC_WARN_UNDECLARED_SELECTOR = YES;
				GCC_WARN_UNINITIALIZED_AUTOS = YES_AGGRESSIVE;
				GCC_WARN_UNUSED_FUNCTION = YES;
				GCC_WARN_UNUSED_VARIABLE = YES;
				IPHONEOS_DEPLOYMENT_TARGET = 17.2;
				LOCALIZATION_PREFERS_STRING_CATALOGS = YES;
				MTL_ENABLE_DEBUG_INFO = INCLUDE_SOURCE;
				MTL_FAST_MATH = YES;
				ONLY_ACTIVE_ARCH = YES;
				SDKROOT = iphoneos;
				SWIFT_ACTIVE_COMPILATION_CONDITIONS = "DEBUG $(inherited)";
				SWIFT_OPTIMIZATION_LEVEL = "-Onone";
			};
			name = Debug;
		};
		FEC8FFF42BEDCD0F007ECDE5 /* Release */ = {
			isa = XCBuildConfiguration;
			buildSettings = {
				ALWAYS_SEARCH_USER_PATHS = NO;
				ASSETCATALOG_COMPILER_GENERATE_SWIFT_ASSET_SYMBOL_EXTENSIONS = YES;
				CLANG_ANALYZER_NONNULL = YES;
				CLANG_ANALYZER_NUMBER_OBJECT_CONVERSION = YES_AGGRESSIVE;
				CLANG_CXX_LANGUAGE_STANDARD = "gnu++20";
				CLANG_ENABLE_MODULES = YES;
				CLANG_ENABLE_OBJC_ARC = YES;
				CLANG_ENABLE_OBJC_WEAK = YES;
				CLANG_WARN_BLOCK_CAPTURE_AUTORELEASING = YES;
				CLANG_WARN_BOOL_CONVERSION = YES;
				CLANG_WARN_COMMA = YES;
				CLANG_WARN_CONSTANT_CONVERSION = YES;
				CLANG_WARN_DEPRECATED_OBJC_IMPLEMENTATIONS = YES;
				CLANG_WARN_DIRECT_OBJC_ISA_USAGE = YES_ERROR;
				CLANG_WARN_DOCUMENTATION_COMMENTS = YES;
				CLANG_WARN_EMPTY_BODY = YES;
				CLANG_WARN_ENUM_CONVERSION = YES;
				CLANG_WARN_INFINITE_RECURSION = YES;
				CLANG_WARN_INT_CONVERSION = YES;
				CLANG_WARN_NON_LITERAL_NULL_CONVERSION = YES;
				CLANG_WARN_OBJC_IMPLICIT_RETAIN_SELF = YES;
				CLANG_WARN_OBJC_LITERAL_CONVERSION = YES;
				CLANG_WARN_OBJC_ROOT_CLASS = YES_ERROR;
				CLANG_WARN_QUOTED_INCLUDE_IN_FRAMEWORK_HEADER = YES;
				CLANG_WARN_RANGE_LOOP_ANALYSIS = YES;
				CLANG_WARN_STRICT_PROTOTYPES = YES;
				CLANG_WARN_SUSPICIOUS_MOVE = YES;
				CLANG_WARN_UNGUARDED_AVAILABILITY = YES_AGGRESSIVE;
				CLANG_WARN_UNREACHABLE_CODE = YES;
				CLANG_WARN__DUPLICATE_METHOD_MATCH = YES;
				COPY_PHASE_STRIP = NO;
				DEBUG_INFORMATION_FORMAT = "dwarf-with-dsym";
				ENABLE_NS_ASSERTIONS = NO;
				ENABLE_STRICT_OBJC_MSGSEND = YES;
				ENABLE_USER_SCRIPT_SANDBOXING = YES;
				GCC_C_LANGUAGE_STANDARD = gnu17;
				GCC_NO_COMMON_BLOCKS = YES;
				GCC_WARN_64_TO_32_BIT_CONVERSION = YES;
				GCC_WARN_ABOUT_RETURN_TYPE = YES_ERROR;
				GCC_WARN_UNDECLARED_SELECTOR = YES;
				GCC_WARN_UNINITIALIZED_AUTOS = YES_AGGRESSIVE;
				GCC_WARN_UNUSED_FUNCTION = YES;
				GCC_WARN_UNUSED_VARIABLE = YES;
				IPHONEOS_DEPLOYMENT_TARGET = 17.2;
				LOCALIZATION_PREFERS_STRING_CATALOGS = YES;
				MTL_ENABLE_DEBUG_INFO = NO;
				MTL_FAST_MATH = YES;
				SDKROOT = iphoneos;
				SWIFT_COMPILATION_MODE = wholemodule;
				VALIDATE_PRODUCT = YES;
			};
			name = Release;
		};
		FEC8FFF62BEDCD0F007ECDE5 /* Debug */ = {
			isa = XCBuildConfiguration;
			buildSettings = {
				ASSETCATALOG_COMPILER_APPICON_NAME = AppIcon;
				ASSETCATALOG_COMPILER_GLOBAL_ACCENT_COLOR_NAME = AccentColor;
				CODE_SIGN_STYLE = Automatic;
				CURRENT_PROJECT_VERSION = 1;
				DEVELOPMENT_ASSET_PATHS = "\"TalkShopApp/Preview Content\"";
				ENABLE_PREVIEWS = YES;
				GENERATE_INFOPLIST_FILE = YES;
				INFOPLIST_FILE = TalkShopApp/Info.plist;
				INFOPLIST_KEY_CFBundleDisplayName = "";
				INFOPLIST_KEY_UIApplicationSceneManifest_Generation = YES;
				INFOPLIST_KEY_UIApplicationSupportsIndirectInputEvents = YES;
				INFOPLIST_KEY_UILaunchScreen_Generation = YES;
				INFOPLIST_KEY_UISupportedInterfaceOrientations_iPad = "UIInterfaceOrientationPortrait UIInterfaceOrientationPortraitUpsideDown UIInterfaceOrientationLandscapeLeft UIInterfaceOrientationLandscapeRight";
				INFOPLIST_KEY_UISupportedInterfaceOrientations_iPhone = "UIInterfaceOrientationPortrait UIInterfaceOrientationLandscapeLeft UIInterfaceOrientationLandscapeRight";
				LD_RUNPATH_SEARCH_PATHS = (
					"$(inherited)",
					"@executable_path/Frameworks",
				);
				MARKETING_VERSION = 1.0;
				PRODUCT_BUNDLE_IDENTIFIER = com.rajmani.TalkShopApp;
				PRODUCT_NAME = "$(TARGET_NAME)";
				SWIFT_EMIT_LOC_STRINGS = YES;
				SWIFT_VERSION = 5.0;
				TARGETED_DEVICE_FAMILY = "1,2";
			};
			name = Debug;
		};
		FEC8FFF72BEDCD0F007ECDE5 /* Release */ = {
			isa = XCBuildConfiguration;
			buildSettings = {
				ASSETCATALOG_COMPILER_APPICON_NAME = AppIcon;
				ASSETCATALOG_COMPILER_GLOBAL_ACCENT_COLOR_NAME = AccentColor;
				CODE_SIGN_STYLE = Automatic;
				CURRENT_PROJECT_VERSION = 1;
				DEVELOPMENT_ASSET_PATHS = "\"TalkShopApp/Preview Content\"";
				ENABLE_PREVIEWS = YES;
				GENERATE_INFOPLIST_FILE = YES;
				INFOPLIST_FILE = TalkShopApp/Info.plist;
				INFOPLIST_KEY_CFBundleDisplayName = "";
				INFOPLIST_KEY_UIApplicationSceneManifest_Generation = YES;
				INFOPLIST_KEY_UIApplicationSupportsIndirectInputEvents = YES;
				INFOPLIST_KEY_UILaunchScreen_Generation = YES;
				INFOPLIST_KEY_UISupportedInterfaceOrientations_iPad = "UIInterfaceOrientationPortrait UIInterfaceOrientationPortraitUpsideDown UIInterfaceOrientationLandscapeLeft UIInterfaceOrientationLandscapeRight";
				INFOPLIST_KEY_UISupportedInterfaceOrientations_iPhone = "UIInterfaceOrientationPortrait UIInterfaceOrientationLandscapeLeft UIInterfaceOrientationLandscapeRight";
				LD_RUNPATH_SEARCH_PATHS = (
					"$(inherited)",
					"@executable_path/Frameworks",
				);
				MARKETING_VERSION = 1.0;
				PRODUCT_BUNDLE_IDENTIFIER = com.rajmani.TalkShopApp;
				PRODUCT_NAME = "$(TARGET_NAME)";
				SWIFT_EMIT_LOC_STRINGS = YES;
				SWIFT_VERSION = 5.0;
				TARGETED_DEVICE_FAMILY = "1,2";
			};
			name = Release;
		};
/* End XCBuildConfiguration section */

/* Begin XCConfigurationList section */
		FEC8FFE22BEDCD0D007ECDE5 /* Build configuration list for PBXProject "TalkShopApp" */ = {
			isa = XCConfigurationList;
			buildConfigurations = (
				FEC8FFF32BEDCD0F007ECDE5 /* Debug */,
				FEC8FFF42BEDCD0F007ECDE5 /* Release */,
			);
			defaultConfigurationIsVisible = 0;
			defaultConfigurationName = Release;
		};
		FEC8FFF52BEDCD0F007ECDE5 /* Build configuration list for PBXNativeTarget "TalkShopApp" */ = {
			isa = XCConfigurationList;
			buildConfigurations = (
				FEC8FFF62BEDCD0F007ECDE5 /* Debug */,
				FEC8FFF72BEDCD0F007ECDE5 /* Release */,
			);
			defaultConfigurationIsVisible = 0;
			defaultConfigurationName = Release;
		};
/* End XCConfigurationList section */
	};
	rootObject = FEC8FFDF2BEDCD0D007ECDE5 /* Project object */;
}
